// !$*UTF8*$!
{
	archiveVersion = 1;
	classes = {
	};
	objectVersion = 48;
	objects = {

/* Begin PBXBuildFile section */
		228B67CD20A2E95500FD8794 /* AppDelegate.swift in Sources */ = {isa = PBXBuildFile; fileRef = 228B67CC20A2E95500FD8794 /* AppDelegate.swift */; };
		228B67D120A2E95500FD8794 /* Actions.sks in Resources */ = {isa = PBXBuildFile; fileRef = 228B67D020A2E95500FD8794 /* Actions.sks */; };
		228B67D520A2E95500FD8794 /* GameViewController.swift in Sources */ = {isa = PBXBuildFile; fileRef = 228B67D420A2E95500FD8794 /* GameViewController.swift */; };
		228B67D820A2E95500FD8794 /* Main.storyboard in Resources */ = {isa = PBXBuildFile; fileRef = 228B67D620A2E95500FD8794 /* Main.storyboard */; };
		228B67DA20A2E95500FD8794 /* Assets.xcassets in Resources */ = {isa = PBXBuildFile; fileRef = 228B67D920A2E95500FD8794 /* Assets.xcassets */; };
		228B67DD20A2E95500FD8794 /* LaunchScreen.storyboard in Resources */ = {isa = PBXBuildFile; fileRef = 228B67DB20A2E95500FD8794 /* LaunchScreen.storyboard */; };
		22AE3D6720AC244600E973B9 /* TWICEWhatisLove.mp3 in Resources */ = {isa = PBXBuildFile; fileRef = 22AE3D6620AC244600E973B9 /* TWICEWhatisLove.mp3 */; };
		22BBB0B120B91A540079F6E9 /* MainMenu.sks in Resources */ = {isa = PBXBuildFile; fileRef = 22BBB0B020B91A540079F6E9 /* MainMenu.sks */; };
		22BBB0B820B91B880079F6E9 /* MainMenuScene.swift in Sources */ = {isa = PBXBuildFile; fileRef = 22BBB0B720B91B880079F6E9 /* MainMenuScene.swift */; };
		22BBB0BC20B91D7D0079F6E9 /* GameplaySceneClass.swift in Sources */ = {isa = PBXBuildFile; fileRef = 22BBB0BB20B91D7D0079F6E9 /* GameplaySceneClass.swift */; };
/* End PBXBuildFile section */

/* Begin PBXFileReference section */
		228B67C920A2E95500FD8794 /* SIT206 Assignment 2.app */ = {isa = PBXFileReference; explicitFileType = wrapper.application; includeInIndex = 0; path = "SIT206 Assignment 2.app"; sourceTree = BUILT_PRODUCTS_DIR; };
		228B67CC20A2E95500FD8794 /* AppDelegate.swift */ = {isa = PBXFileReference; lastKnownFileType = sourcecode.swift; path = AppDelegate.swift; sourceTree = "<group>"; };
		228B67D020A2E95500FD8794 /* Actions.sks */ = {isa = PBXFileReference; lastKnownFileType = file.sks; path = Actions.sks; sourceTree = "<group>"; };
		228B67D420A2E95500FD8794 /* GameViewController.swift */ = {isa = PBXFileReference; lastKnownFileType = sourcecode.swift; path = GameViewController.swift; sourceTree = "<group>"; };
		228B67D720A2E95500FD8794 /* Base */ = {isa = PBXFileReference; lastKnownFileType = file.storyboard; name = Base; path = Base.lproj/Main.storyboard; sourceTree = "<group>"; };
		228B67D920A2E95500FD8794 /* Assets.xcassets */ = {isa = PBXFileReference; lastKnownFileType = folder.assetcatalog; path = Assets.xcassets; sourceTree = "<group>"; };
		228B67DC20A2E95500FD8794 /* Base */ = {isa = PBXFileReference; lastKnownFileType = file.storyboard; name = Base; path = Base.lproj/LaunchScreen.storyboard; sourceTree = "<group>"; };
		228B67DE20A2E95500FD8794 /* Info.plist */ = {isa = PBXFileReference; lastKnownFileType = text.plist.xml; path = Info.plist; sourceTree = "<group>"; };
		22AE3D6620AC244600E973B9 /* TWICEWhatisLove.mp3 */ = {isa = PBXFileReference; lastKnownFileType = audio.mp3; path = TWICEWhatisLove.mp3; sourceTree = "<group>"; };
		22BBB0B020B91A540079F6E9 /* MainMenu.sks */ = {isa = PBXFileReference; lastKnownFileType = file.sks; path = MainMenu.sks; sourceTree = "<group>"; };
		22BBB0B720B91B880079F6E9 /* MainMenuScene.swift */ = {isa = PBXFileReference; lastKnownFileType = sourcecode.swift; path = MainMenuScene.swift; sourceTree = "<group>"; };
		22BBB0BB20B91D7D0079F6E9 /* GameplaySceneClass.swift */ = {isa = PBXFileReference; lastKnownFileType = sourcecode.swift; path = GameplaySceneClass.swift; sourceTree = "<group>"; };
/* End PBXFileReference section */

/* Begin PBXFrameworksBuildPhase section */
		228B67C620A2E95500FD8794 /* Frameworks */ = {
			isa = PBXFrameworksBuildPhase;
			buildActionMask = 2147483647;
			files = (
			);
			runOnlyForDeploymentPostprocessing = 0;
		};
/* End PBXFrameworksBuildPhase section */

/* Begin PBXGroup section */
		2259858E20AEC07700EB2876 /* Scenes */ = {
			isa = PBXGroup;
			children = (
				22BBB0AF20B91A0A0079F6E9 /* MainMenu */,
			);
			path = Scenes;
			sourceTree = "<group>";
		};
		228B67C020A2E95500FD8794 = {
			isa = PBXGroup;
			children = (
				228B67CB20A2E95500FD8794 /* SIT206 Assignment 2 */,
				228B67CA20A2E95500FD8794 /* Products */,
			);
			sourceTree = "<group>";
		};
		228B67CA20A2E95500FD8794 /* Products */ = {
			isa = PBXGroup;
			children = (
				228B67C920A2E95500FD8794 /* SIT206 Assignment 2.app */,
			);
			name = Products;
			sourceTree = "<group>";
		};
		228B67CB20A2E95500FD8794 /* SIT206 Assignment 2 */ = {
			isa = PBXGroup;
			children = (
				22BBB0B220B91AD90079F6E9 /* Classes */,
				2259858E20AEC07700EB2876 /* Scenes */,
				22AE3D6620AC244600E973B9 /* TWICEWhatisLove.mp3 */,
				228B67CC20A2E95500FD8794 /* AppDelegate.swift */,
				228B67D020A2E95500FD8794 /* Actions.sks */,
				228B67D420A2E95500FD8794 /* GameViewController.swift */,
				228B67D620A2E95500FD8794 /* Main.storyboard */,
				228B67D920A2E95500FD8794 /* Assets.xcassets */,
				228B67DB20A2E95500FD8794 /* LaunchScreen.storyboard */,
				228B67DE20A2E95500FD8794 /* Info.plist */,
			);
			path = "SIT206 Assignment 2";
			sourceTree = "<group>";
		};
		22BBB0AF20B91A0A0079F6E9 /* MainMenu */ = {
			isa = PBXGroup;
			children = (
				22BBB0B020B91A540079F6E9 /* MainMenu.sks */,
			);
			name = MainMenu;
			path = Scenes;
			sourceTree = "<group>";
		};
		22BBB0B220B91AD90079F6E9 /* Classes */ = {
			isa = PBXGroup;
			children = (
				22BBB0B320B91AFA0079F6E9 /* Scene Classes */,
			);
			path = Classes;
			sourceTree = "<group>";
		};
		22BBB0B320B91AFA0079F6E9 /* Scene Classes */ = {
			isa = PBXGroup;
			children = (
				22BBB0B720B91B880079F6E9 /* MainMenuScene.swift */,
				22BBB0BB20B91D7D0079F6E9 /* GameplaySceneClass.swift */,
			);
			path = "Scene Classes";
			sourceTree = "<group>";
		};
/* End PBXGroup section */

/* Begin PBXNativeTarget section */
		228B67C820A2E95500FD8794 /* SIT206 Assignment 2 */ = {
			isa = PBXNativeTarget;
			buildConfigurationList = 228B67E120A2E95500FD8794 /* Build configuration list for PBXNativeTarget "SIT206 Assignment 2" */;
			buildPhases = (
				228B67C520A2E95500FD8794 /* Sources */,
				228B67C620A2E95500FD8794 /* Frameworks */,
				228B67C720A2E95500FD8794 /* Resources */,
			);
			buildRules = (
			);
			dependencies = (
			);
			name = "SIT206 Assignment 2";
			productName = "SIT206 Assignment 2";
			productReference = 228B67C920A2E95500FD8794 /* SIT206 Assignment 2.app */;
			productType = "com.apple.product-type.application";
		};
/* End PBXNativeTarget section */

/* Begin PBXProject section */
		228B67C120A2E95500FD8794 /* Project object */ = {
			isa = PBXProject;
			attributes = {
				LastSwiftUpdateCheck = 0920;
				LastUpgradeCheck = 0920;
				ORGANIZATIONNAME = "NAM YOUN KIM";
				TargetAttributes = {
					228B67C820A2E95500FD8794 = {
						CreatedOnToolsVersion = 9.2;
						LastSwiftMigration = 0920;
						ProvisioningStyle = Automatic;
					};
				};
			};
			buildConfigurationList = 228B67C420A2E95500FD8794 /* Build configuration list for PBXProject "SIT206 Assignment 2" */;
			compatibilityVersion = "Xcode 8.0";
			developmentRegion = en;
			hasScannedForEncodings = 0;
			knownRegions = (
				en,
				Base,
			);
			mainGroup = 228B67C020A2E95500FD8794;
			productRefGroup = 228B67CA20A2E95500FD8794 /* Products */;
			projectDirPath = "";
			projectRoot = "";
			targets = (
				228B67C820A2E95500FD8794 /* SIT206 Assignment 2 */,
			);
		};
/* End PBXProject section */

/* Begin PBXResourcesBuildPhase section */
		228B67C720A2E95500FD8794 /* Resources */ = {
			isa = PBXResourcesBuildPhase;
			buildActionMask = 2147483647;
			files = (
				228B67D820A2E95500FD8794 /* Main.storyboard in Resources */,
				22AE3D6720AC244600E973B9 /* TWICEWhatisLove.mp3 in Resources */,
				228B67DA20A2E95500FD8794 /* Assets.xcassets in Resources */,
				228B67DD20A2E95500FD8794 /* LaunchScreen.storyboard in Resources */,
				22BBB0B120B91A540079F6E9 /* MainMenu.sks in Resources */,
				228B67D120A2E95500FD8794 /* Actions.sks in Resources */,
			);
			runOnlyForDeploymentPostprocessing = 0;
		};
/* End PBXResourcesBuildPhase section */

/* Begin PBXSourcesBuildPhase section */
		228B67C520A2E95500FD8794 /* Sources */ = {
			isa = PBXSourcesBuildPhase;
			buildActionMask = 2147483647;
			files = (
				228B67D520A2E95500FD8794 /* GameViewController.swift in Sources */,
				22BBB0B820B91B880079F6E9 /* MainMenuScene.swift in Sources */,
				228B67CD20A2E95500FD8794 /* AppDelegate.swift in Sources */,
				22BBB0BC20B91D7D0079F6E9 /* GameplaySceneClass.swift in Sources */,
			);
			runOnlyForDeploymentPostprocessing = 0;
		};
/* End PBXSourcesBuildPhase section */

/* Begin PBXVariantGroup section */
		228B67D620A2E95500FD8794 /* Main.storyboard */ = {
			isa = PBXVariantGroup;
			children = (
				228B67D720A2E95500FD8794 /* Base */,
			);
			name = Main.storyboard;
			sourceTree = "<group>";
		};
		228B67DB20A2E95500FD8794 /* LaunchScreen.storyboard */ = {
			isa = PBXVariantGroup;
			children = (
				228B67DC20A2E95500FD8794 /* Base */,
			);
			name = LaunchScreen.storyboard;
			sourceTree = "<group>";
		};
/* End PBXVariantGroup section */

/* Begin XCBuildConfiguration section */
		228B67DF20A2E95500FD8794 /* Debug */ = {
			isa = XCBuildConfiguration;
			buildSettings = {
				ALWAYS_SEARCH_USER_PATHS = NO;
				CLANG_ANALYZER_NONNULL = YES;
				CLANG_ANALYZER_NUMBER_OBJECT_CONVERSION = YES_AGGRESSIVE;
				CLANG_CXX_LANGUAGE_STANDARD = "gnu++14";
				CLANG_CXX_LIBRARY = "libc++";
				CLANG_ENABLE_MODULES = YES;
				CLANG_ENABLE_OBJC_ARC = YES;
				CLANG_WARN_BLOCK_CAPTURE_AUTORELEASING = YES;
				CLANG_WARN_BOOL_CONVERSION = YES;
				CLANG_WARN_COMMA = YES;
				CLANG_WARN_CONSTANT_CONVERSION = YES;
				CLANG_WARN_DIRECT_OBJC_ISA_USAGE = YES_ERROR;
				CLANG_WARN_DOCUMENTATION_COMMENTS = YES;
				CLANG_WARN_EMPTY_BODY = YES;
				CLANG_WARN_ENUM_CONVERSION = YES;
				CLANG_WARN_INFINITE_RECURSION = YES;
				CLANG_WARN_INT_CONVERSION = YES;
				CLANG_WARN_NON_LITERAL_NULL_CONVERSION = YES;
				CLANG_WARN_OBJC_LITERAL_CONVERSION = YES;
				CLANG_WARN_OBJC_ROOT_CLASS = YES_ERROR;
				CLANG_WARN_RANGE_LOOP_ANALYSIS = YES;
				CLANG_WARN_STRICT_PROTOTYPES = YES;
				CLANG_WARN_SUSPICIOUS_MOVE = YES;
				CLANG_WARN_UNGUARDED_AVAILABILITY = YES_AGGRESSIVE;
				CLANG_WARN_UNREACHABLE_CODE = YES;
				CLANG_WARN__DUPLICATE_METHOD_MATCH = YES;
				CODE_SIGN_IDENTITY = "iPhone Developer";
				COPY_PHASE_STRIP = NO;
				DEBUG_INFORMATION_FORMAT = dwarf;
				ENABLE_STRICT_OBJC_MSGSEND = YES;
				ENABLE_TESTABILITY = YES;
				GCC_C_LANGUAGE_STANDARD = gnu11;
				GCC_DYNAMIC_NO_PIC = NO;
				GCC_NO_COMMON_BLOCKS = YES;
				GCC_OPTIMIZATION_LEVEL = 0;
				GCC_PREPROCESSOR_DEFINITIONS = (
					"DEBUG=1",
					"$(inherited)",
				);
				GCC_WARN_64_TO_32_BIT_CONVERSION = YES;
				GCC_WARN_ABOUT_RETURN_TYPE = YES_ERROR;
				GCC_WARN_UNDECLARED_SELECTOR = YES;
				GCC_WARN_UNINITIALIZED_AUTOS = YES_AGGRESSIVE;
				GCC_WARN_UNUSED_FUNCTION = YES;
				GCC_WARN_UNUSED_VARIABLE = YES;
				IPHONEOS_DEPLOYMENT_TARGET = 11.2;
				MTL_ENABLE_DEBUG_INFO = YES;
				ONLY_ACTIVE_ARCH = YES;
				SDKROOT = iphoneos;
				SWIFT_ACTIVE_COMPILATION_CONDITIONS = DEBUG;
				SWIFT_OPTIMIZATION_LEVEL = "-Onone";
			};
			name = Debug;
		};
		228B67E020A2E95500FD8794 /* Release */ = {
			isa = XCBuildConfiguration;
			buildSettings = {
				ALWAYS_SEARCH_USER_PATHS = NO;
				CLANG_ANALYZER_NONNULL = YES;
				CLANG_ANALYZER_NUMBER_OBJECT_CONVERSION = YES_AGGRESSIVE;
				CLANG_CXX_LANGUAGE_STANDARD = "gnu++14";
				CLANG_CXX_LIBRARY = "libc++";
				CLANG_ENABLE_MODULES = YES;
				CLANG_ENABLE_OBJC_ARC = YES;
				CLANG_WARN_BLOCK_CAPTURE_AUTORELEASING = YES;
				CLANG_WARN_BOOL_CONVERSION = YES;
				CLANG_WARN_COMMA = YES;
				CLANG_WARN_CONSTANT_CONVERSION = YES;
				CLANG_WARN_DIRECT_OBJC_ISA_USAGE = YES_ERROR;
				CLANG_WARN_DOCUMENTATION_COMMENTS = YES;
				CLANG_WARN_EMPTY_BODY = YES;
				CLANG_WARN_ENUM_CONVERSION = YES;
				CLANG_WARN_INFINITE_RECURSION = YES;
				CLANG_WARN_INT_CONVERSION = YES;
				CLANG_WARN_NON_LITERAL_NULL_CONVERSION = YES;
				CLANG_WARN_OBJC_LITERAL_CONVERSION = YES;
				CLANG_WARN_OBJC_ROOT_CLASS = YES_ERROR;
				CLANG_WARN_RANGE_LOOP_ANALYSIS = YES;
				CLANG_WARN_STRICT_PROTOTYPES = YES;
				CLANG_WARN_SUSPICIOUS_MOVE = YES;
				CLANG_WARN_UNGUARDED_AVAILABILITY = YES_AGGRESSIVE;
				CLANG_WARN_UNREACHABLE_CODE = YES;
				CLANG_WARN__DUPLICATE_METHOD_MATCH = YES;
				CODE_SIGN_IDENTITY = "iPhone Developer";
				COPY_PHASE_STRIP = NO;
				DEBUG_INFORMATION_FORMAT = "dwarf-with-dsym";
				ENABLE_NS_ASSERTIONS = NO;
				ENABLE_STRICT_OBJC_MSGSEND = YES;
				GCC_C_LANGUAGE_STANDARD = gnu11;
				GCC_NO_COMMON_BLOCKS = YES;
				GCC_WARN_64_TO_32_BIT_CONVERSION = YES;
				GCC_WARN_ABOUT_RETURN_TYPE = YES_ERROR;
				GCC_WARN_UNDECLARED_SELECTOR = YES;
				GCC_WARN_UNINITIALIZED_AUTOS = YES_AGGRESSIVE;
				GCC_WARN_UNUSED_FUNCTION = YES;
				GCC_WARN_UNUSED_VARIABLE = YES;
				IPHONEOS_DEPLOYMENT_TARGET = 11.2;
				MTL_ENABLE_DEBUG_INFO = NO;
				SDKROOT = iphoneos;
				SWIFT_OPTIMIZATION_LEVEL = "-Owholemodule";
				VALIDATE_PRODUCT = YES;
			};
			name = Release;
		};
		228B67E220A2E95500FD8794 /* Debug */ = {
			isa = XCBuildConfiguration;
			buildSettings = {
				ASSETCATALOG_COMPILER_APPICON_NAME = AppIcon;
				CLANG_ENABLE_MODULES = YES;
				CODE_SIGN_STYLE = Automatic;
				INFOPLIST_FILE = "SIT206 Assignment 2/Info.plist";
				IPHONEOS_DEPLOYMENT_TARGET = 11.2;
				LD_RUNPATH_SEARCH_PATHS = "$(inherited) @executable_path/Frameworks";
				PRODUCT_BUNDLE_IDENTIFIER = "NAM-YOUN-KIM.SIT206-Assignment-2";
				PRODUCT_NAME = "$(TARGET_NAME)";
				SWIFT_OPTIMIZATION_LEVEL = "-Onone";
				SWIFT_VERSION = 4.0;
				TARGETED_DEVICE_FAMILY = "1,2";
			};
			name = Debug;
		};
		228B67E320A2E95500FD8794 /* Release */ = {
			isa = XCBuildConfiguration;
			buildSettings = {
				ASSETCATALOG_COMPILER_APPICON_NAME = AppIcon;
				CLANG_ENABLE_MODULES = YES;
				CODE_SIGN_STYLE = Automatic;
				INFOPLIST_FILE = "SIT206 Assignment 2/Info.plist";
				IPHONEOS_DEPLOYMENT_TARGET = 11.2;
				LD_RUNPATH_SEARCH_PATHS = "$(inherited) @executable_path/Frameworks";
				PRODUCT_BUNDLE_IDENTIFIER = "NAM-YOUN-KIM.SIT206-Assignment-2";
				PRODUCT_NAME = "$(TARGET_NAME)";
				SWIFT_VERSION = 4.0;
				TARGETED_DEVICE_FAMILY = "1,2";
			};
			name = Release;
		};
/* End XCBuildConfiguration section */

/* Begin XCConfigurationList section */
		228B67C420A2E95500FD8794 /* Build configuration list for PBXProject "SIT206 Assignment 2" */ = {
			isa = XCConfigurationList;
			buildConfigurations = (
				228B67DF20A2E95500FD8794 /* Debug */,
				228B67E020A2E95500FD8794 /* Release */,
			);
			defaultConfigurationIsVisible = 0;
			defaultConfigurationName = Release;
		};
		228B67E120A2E95500FD8794 /* Build configuration list for PBXNativeTarget "SIT206 Assignment 2" */ = {
			isa = XCConfigurationList;
			buildConfigurations = (
				228B67E220A2E95500FD8794 /* Debug */,
				228B67E320A2E95500FD8794 /* Release */,
			);
			defaultConfigurationIsVisible = 0;
			defaultConfigurationName = Release;
		};
/* End XCConfigurationList section */
	};
	rootObject = 228B67C120A2E95500FD8794 /* Project object */;
}
